
Microsoft Visual Studio Solution File, Format Version 12.00
# Visual Studio 2013
VisualStudioVersion = 12.0.31101.0
MinimumVisualStudioVersion = 10.0.40219.1
Project("{FAE04EC0-301F-11D3-BF4B-00C04F79EFBC}") = "ButantanExtensions", "ButantanExtensions\ButantanExtensions.csproj", "{EC241C65-E6BB-4496-959A-8A103A0055DD}"
EndProject
Project("{FAE04EC0-301F-11D3-BF4B-00C04F79EFBC}") = "ButantanExtensions.Tests", "ButantanExtensions.Tests\ButantanExtensions.Tests.csproj", "{71677B4E-B9D4-4542-9964-C1206AB2EE86}"
EndProject
Global
	GlobalSection(SolutionConfigurationPlatforms) = preSolution
		Debug|Any CPU = Debug|Any CPU
		Release|Any CPU = Release|Any CPU
	EndGlobalSection
	GlobalSection(ProjectConfigurationPlatforms) = postSolution
		{EC241C65-E6BB-4496-959A-8A103A0055DD}.Debug|Any CPU.ActiveCfg = Debug|Any CPU
		{EC241C65-E6BB-4496-959A-8A103A0055DD}.Debug|Any CPU.Build.0 = Debug|Any CPU
		{EC241C65-E6BB-4496-959A-8A103A0055DD}.Release|Any CPU.ActiveCfg = Release|Any CPU
		{EC241C65-E6BB-4496-959A-8A103A0055DD}.Release|Any CPU.Build.0 = Release|Any CPU
		{71677B4E-B9D4-4542-9964-C1206AB2EE86}.Debug|Any CPU.ActiveCfg = Debug|Any CPU
		{71677B4E-B9D4-4542-9964-C1206AB2EE86}.Debug|Any CPU.Build.0 = Debug|Any CPU
		{71677B4E-B9D4-4542-9964-C1206AB2EE86}.Release|Any CPU.ActiveCfg = Release|Any CPU
		{71677B4E-B9D4-4542-9964-C1206AB2EE86}.Release|Any CPU.Build.0 = Release|Any CPU
	EndGlobalSection
	GlobalSection(SolutionProperties) = preSolution
		HideSolutionNode = FALSE
	EndGlobalSection
EndGlobal
